# THIS IS AN AUTOGENERATED FILE. DO NOT EDIT THIS FILE DIRECTLY.
# yarn lockfile v1


"@next/font@^13.4.19":
  version "13.4.19"
  resolved "https://registry.yarnpkg.com/@next/font/-/font-13.4.19.tgz#2b69aee760a3bbabf54873f80ae6d4b09b35d133"
  integrity sha512-yOuSRYfqksWcaG/sATr1/DEGvvI8gnmAAnQCCZ0+L9p4Pio3/DMu71J56YHh9Hz84LDN4tMVzuux0ssCuM50sA==
